// !$*UTF8*$!
{
	archiveVersion = 1;
	classes = {
	};
	objectVersion = 50;
	objects = {

/* Begin PBXBuildFile section */
		7FDEDF8B22B094D400C56193 /* main.cpp in Sources */ = {isa = PBXBuildFile; fileRef = 7FDEDF8A22B094D400C56193 /* main.cpp */; };
/* End PBXBuildFile section */

/* Begin PBXCopyFilesBuildPhase section */
		7FDEDF8522B094D400C56193 /* CopyFiles */ = {
			isa = PBXCopyFilesBuildPhase;
			buildActionMask = 2147483647;
			dstPath = /usr/share/man/man1/;
			dstSubfolderSpec = 0;
			files = (
			);
			runOnlyForDeploymentPostprocessing = 1;
		};
/* End PBXCopyFilesBuildPhase section */

/* Begin PBXFileReference section */
		7FDEDF8722B094D400C56193 /* neuralnet */ = {isa = PBXFileReference; explicitFileType = "compiled.mach-o.executable"; includeInIndex = 0; path = neuralnet; sourceTree = BUILT_PRODUCTS_DIR; };
		7FDEDF8A22B094D400C56193 /* main.cpp */ = {isa = PBXFileReference; lastKnownFileType = sourcecode.cpp.cpp; path = main.cpp; sourceTree = "<group>"; };
		7FDEDF9122B0950300C56193 /* linkedl.h */ = {isa = PBXFileReference; lastKnownFileType = sourcecode.c.h; path = linkedl.h; sourceTree = "<group>"; };
		7FDEDF9222B0953000C56193 /* neuralLL.h */ = {isa = PBXFileReference; lastKnownFileType = sourcecode.c.h; path = neuralLL.h; sourceTree = "<group>"; };
		7FF881CE22C9663F00DDE38B /* neural.h */ = {isa = PBXFileReference; lastKnownFileType = sourcecode.c.h; path = neural.h; sourceTree = "<group>"; };
		7FF881CF22CA8CFC00DDE38B /* linearregression.h */ = {isa = PBXFileReference; lastKnownFileType = sourcecode.c.h; path = linearregression.h; sourceTree = "<group>"; };
		7FF881D022CBE64000DDE38B /* myvector.h */ = {isa = PBXFileReference; lastKnownFileType = sourcecode.c.h; path = myvector.h; sourceTree = "<group>"; };
		7FFC930122D3CC3300A0F3F7 /* matrix.h */ = {isa = PBXFileReference; lastKnownFileType = sourcecode.c.h; path = matrix.h; sourceTree = "<group>"; };
/* End PBXFileReference section */

/* Begin PBXFrameworksBuildPhase section */
		7FDEDF8422B094D400C56193 /* Frameworks */ = {
			isa = PBXFrameworksBuildPhase;
			buildActionMask = 2147483647;
			files = (
			);
			runOnlyForDeploymentPostprocessing = 0;
		};
/* End PBXFrameworksBuildPhase section */

/* Begin PBXGroup section */
		7FDEDF7E22B094D400C56193 = {
			isa = PBXGroup;
			children = (
				7FDEDF8922B094D400C56193 /* neuralnet */,
				7FDEDF8822B094D400C56193 /* Products */,
			);
			sourceTree = "<group>";
		};
		7FDEDF8822B094D400C56193 /* Products */ = {
			isa = PBXGroup;
			children = (
				7FDEDF8722B094D400C56193 /* neuralnet */,
			);
			name = Products;
			sourceTree = "<group>";
		};
		7FDEDF8922B094D400C56193 /* neuralnet */ = {
			isa = PBXGroup;
			children = (
				7FDEDF8A22B094D400C56193 /* main.cpp */,
				7FFC930122D3CC3300A0F3F7 /* matrix.h */,
				7FF881D022CBE64000DDE38B /* myvector.h */,
				7FF881CF22CA8CFC00DDE38B /* linearregression.h */,
				7FF881CE22C9663F00DDE38B /* neural.h */,
				7FDEDF9222B0953000C56193 /* neuralLL.h */,
				7FDEDF9122B0950300C56193 /* linkedl.h */,
			);
			path = neuralnet;
			sourceTree = "<group>";
		};
/* End PBXGroup section */

/* Begin PBXNativeTarget section */
		7FDEDF8622B094D400C56193 /* neuralnet */ = {
			isa = PBXNativeTarget;
			buildConfigurationList = 7FDEDF8E22B094D400C56193 /* Build configuration list for PBXNativeTarget "neuralnet" */;
			buildPhases = (
				7FDEDF8322B094D400C56193 /* Sources */,
				7FDEDF8422B094D400C56193 /* Frameworks */,
				7FDEDF8522B094D400C56193 /* CopyFiles */,
			);
			buildRules = (
			);
			dependencies = (
			);
			name = neuralnet;
			productName = neuralnet;
			productReference = 7FDEDF8722B094D400C56193 /* neuralnet */;
			productType = "com.apple.product-type.tool";
		};
/* End PBXNativeTarget section */

/* Begin PBXProject section */
		7FDEDF7F22B094D400C56193 /* Project object */ = {
			isa = PBXProject;
			attributes = {
				KnownAssetTags = (
					New,
				);
				LastUpgradeCheck = 1020;
				ORGANIZATIONNAME = "Fabricio Bracht";
				TargetAttributes = {
					7FDEDF8622B094D400C56193 = {
						CreatedOnToolsVersion = 10.2.1;
					};
				};
			};
			buildConfigurationList = 7FDEDF8222B094D400C56193 /* Build configuration list for PBXProject "neuralnet" */;
			compatibilityVersion = "Xcode 9.3";
			developmentRegion = en;
			hasScannedForEncodings = 0;
			knownRegions = (
				en,
			);
			mainGroup = 7FDEDF7E22B094D400C56193;
			productRefGroup = 7FDEDF8822B094D400C56193 /* Products */;
			projectDirPath = "";
			projectRoot = "";
			targets = (
				7FDEDF8622B094D400C56193 /* neuralnet */,
			);
		};
/* End PBXProject section */

/* Begin PBXSourcesBuildPhase section */
		7FDEDF8322B094D400C56193 /* Sources */ = {
			isa = PBXSourcesBuildPhase;
			buildActionMask = 2147483647;
			files = (
				7FDEDF8B22B094D400C56193 /* main.cpp in Sources */,
			);
			runOnlyForDeploymentPostprocessing = 0;
		};
/* End PBXSourcesBuildPhase section */

/* Begin XCBuildConfiguration section */
		7FDEDF8C22B094D400C56193 /* Debug */ = {
			isa = XCBuildConfiguration;
			buildSettings = {
				ALWAYS_SEARCH_USER_PATHS = NO;
				CLANG_ANALYZER_NONNULL = YES;
				CLANG_ANALYZER_NUMBER_OBJECT_CONVERSION = YES_AGGRESSIVE;
				CLANG_CXX_LANGUAGE_STANDARD = "gnu++14";
				CLANG_CXX_LIBRARY = "libc++";
				CLANG_ENABLE_MODULES = YES;
				CLANG_ENABLE_OBJC_ARC = YES;
				CLANG_ENABLE_OBJC_WEAK = YES;
				CLANG_WARN_BLOCK_CAPTURE_AUTORELEASING = YES;
				CLANG_WARN_BOOL_CONVERSION = YES;
				CLANG_WARN_COMMA = YES;
				CLANG_WARN_CONSTANT_CONVERSION = YES;
				CLANG_WARN_DEPRECATED_OBJC_IMPLEMENTATIONS = YES;
				CLANG_WARN_DIRECT_OBJC_ISA_USAGE = YES_ERROR;
				CLANG_WARN_DOCUMENTATION_COMMENTS = YES;
				CLANG_WARN_EMPTY_BODY = YES;
				CLANG_WARN_ENUM_CONVERSION = YES;
				CLANG_WARN_INFINITE_RECURSION = YES;
				CLANG_WARN_INT_CONVERSION = YES;
				CLANG_WARN_NON_LITERAL_NULL_CONVERSION = YES;
				CLANG_WARN_OBJC_IMPLICIT_RETAIN_SELF = YES;
				CLANG_WARN_OBJC_LITERAL_CONVERSION = YES;
				CLANG_WARN_OBJC_ROOT_CLASS = YES_ERROR;
				CLANG_WARN_RANGE_LOOP_ANALYSIS = YES;
				CLANG_WARN_STRICT_PROTOTYPES = YES;
				CLANG_WARN_SUSPICIOUS_MOVE = YES;
				CLANG_WARN_UNGUARDED_AVAILABILITY = YES_AGGRESSIVE;
				CLANG_WARN_UNREACHABLE_CODE = YES;
				CLANG_WARN__DUPLICATE_METHOD_MATCH = YES;
				CODE_SIGN_IDENTITY = "Mac Developer";
				COPY_PHASE_STRIP = NO;
				DEBUG_INFORMATION_FORMAT = dwarf;
				ENABLE_STRICT_OBJC_MSGSEND = YES;
				ENABLE_TESTABILITY = YES;
				GCC_C_LANGUAGE_STANDARD = gnu11;
				GCC_DYNAMIC_NO_PIC = NO;
				GCC_NO_COMMON_BLOCKS = YES;
				GCC_OPTIMIZATION_LEVEL = 0;
				GCC_PREPROCESSOR_DEFINITIONS = (
					"DEBUG=1",
					"$(inherited)",
				);
				GCC_WARN_64_TO_32_BIT_CONVERSION = YES;
				GCC_WARN_ABOUT_RETURN_TYPE = YES_ERROR;
				GCC_WARN_UNDECLARED_SELECTOR = YES;
				GCC_WARN_UNINITIALIZED_AUTOS = YES_AGGRESSIVE;
				GCC_WARN_UNUSED_FUNCTION = YES;
				GCC_WARN_UNUSED_VARIABLE = YES;
				MACOSX_DEPLOYMENT_TARGET = 10.14;
				MTL_ENABLE_DEBUG_INFO = INCLUDE_SOURCE;
				MTL_FAST_MATH = YES;
				ONLY_ACTIVE_ARCH = YES;
				SDKROOT = macosx;
			};
			name = Debug;
		};
		7FDEDF8D22B094D400C56193 /* Release */ = {
			isa = XCBuildConfiguration;
			buildSettings = {
				ALWAYS_SEARCH_USER_PATHS = NO;
				CLANG_ANALYZER_NONNULL = YES;
				CLANG_ANALYZER_NUMBER_OBJECT_CONVERSION = YES_AGGRESSIVE;
				CLANG_CXX_LANGUAGE_STANDARD = "gnu++14";
				CLANG_CXX_LIBRARY = "libc++";
				CLANG_ENABLE_MODULES = YES;
				CLANG_ENABLE_OBJC_ARC = YES;
				CLANG_ENABLE_OBJC_WEAK = YES;
				CLANG_WARN_BLOCK_CAPTURE_AUTORELEASING = YES;
				CLANG_WARN_BOOL_CONVERSION = YES;
				CLANG_WARN_COMMA = YES;
				CLANG_WARN_CONSTANT_CONVERSION = YES;
				CLANG_WARN_DEPRECATED_OBJC_IMPLEMENTATIONS = YES;
				CLANG_WARN_DIRECT_OBJC_ISA_USAGE = YES_ERROR;
				CLANG_WARN_DOCUMENTATION_COMMENTS = YES;
				CLANG_WARN_EMPTY_BODY = YES;
				CLANG_WARN_ENUM_CONVERSION = YES;
				CLANG_WARN_INFINITE_RECURSION = YES;
				CLANG_WARN_INT_CONVERSION = YES;
				CLANG_WARN_NON_LITERAL_NULL_CONVERSION = YES;
				CLANG_WARN_OBJC_IMPLICIT_RETAIN_SELF = YES;
				CLANG_WARN_OBJC_LITERAL_CONVERSION = YES;
				CLANG_WARN_OBJC_ROOT_CLASS = YES_ERROR;
				CLANG_WARN_RANGE_LOOP_ANALYSIS = YES;
				CLANG_WARN_STRICT_PROTOTYPES = YES;
				CLANG_WARN_SUSPICIOUS_MOVE = YES;
				CLANG_WARN_UNGUARDED_AVAILABILITY = YES_AGGRESSIVE;
				CLANG_WARN_UNREACHABLE_CODE = YES;
				CLANG_WARN__DUPLICATE_METHOD_MATCH = YES;
				CODE_SIGN_IDENTITY = "Mac Developer";
				COPY_PHASE_STRIP = NO;
				DEBUG_INFORMATION_FORMAT = "dwarf-with-dsym";
				ENABLE_NS_ASSERTIONS = NO;
				ENABLE_STRICT_OBJC_MSGSEND = YES;
				GCC_C_LANGUAGE_STANDARD = gnu11;
				GCC_NO_COMMON_BLOCKS = YES;
				GCC_WARN_64_TO_32_BIT_CONVERSION = YES;
				GCC_WARN_ABOUT_RETURN_TYPE = YES_ERROR;
				GCC_WARN_UNDECLARED_SELECTOR = YES;
				GCC_WARN_UNINITIALIZED_AUTOS = YES_AGGRESSIVE;
				GCC_WARN_UNUSED_FUNCTION = YES;
				GCC_WARN_UNUSED_VARIABLE = YES;
				MACOSX_DEPLOYMENT_TARGET = 10.14;
				MTL_ENABLE_DEBUG_INFO = NO;
				MTL_FAST_MATH = YES;
				SDKROOT = macosx;
			};
			name = Release;
		};
		7FDEDF8F22B094D400C56193 /* Debug */ = {
			isa = XCBuildConfiguration;
			buildSettings = {
				CODE_SIGN_STYLE = Automatic;
				DEVELOPMENT_TEAM = 5P6985MQH2;
				HEADER_SEARCH_PATHS = /usr/local/include/eigen3/;
				PRODUCT_NAME = "$(TARGET_NAME)";
				SCAN_ALL_SOURCE_FILES_FOR_INCLUDES = NO;
				USER_HEADER_SEARCH_PATHS = "";
			};
			name = Debug;
		};
		7FDEDF9022B094D400C56193 /* Release */ = {
			isa = XCBuildConfiguration;
			buildSettings = {
				CODE_SIGN_STYLE = Automatic;
				DEVELOPMENT_TEAM = 5P6985MQH2;
				HEADER_SEARCH_PATHS = /usr/local/include/eigen3/;
				PRODUCT_NAME = "$(TARGET_NAME)";
				SCAN_ALL_SOURCE_FILES_FOR_INCLUDES = NO;
				USER_HEADER_SEARCH_PATHS = "";
			};
			name = Release;
		};
/* End XCBuildConfiguration section */

/* Begin XCConfigurationList section */
		7FDEDF8222B094D400C56193 /* Build configuration list for PBXProject "neuralnet" */ = {
			isa = XCConfigurationList;
			buildConfigurations = (
				7FDEDF8C22B094D400C56193 /* Debug */,
				7FDEDF8D22B094D400C56193 /* Release */,
			);
			defaultConfigurationIsVisible = 0;
			defaultConfigurationName = Release;
		};
		7FDEDF8E22B094D400C56193 /* Build configuration list for PBXNativeTarget "neuralnet" */ = {
			isa = XCConfigurationList;
			buildConfigurations = (
				7FDEDF8F22B094D400C56193 /* Debug */,
				7FDEDF9022B094D400C56193 /* Release */,
			);
			defaultConfigurationIsVisible = 0;
			defaultConfigurationName = Release;
		};
/* End XCConfigurationList section */
	};
	rootObject = 7FDEDF7F22B094D400C56193 /* Project object */;
}
